
Microsoft Visual Studio Solution File, Format Version 12.00
# Visual Studio Version 17
VisualStudioVersion = 17.0.31903.59
MinimumVisualStudioVersion = 10.0.40219.1
Project("{FAE04EC0-301F-11D3-BF4B-00C04F79EFBC}") = "Question1", "Question1\Question1.csproj", "{50E3860A-3577-4F2B-914A-2EC12C582DC3}"
EndProject
Project("{FAE04EC0-301F-11D3-BF4B-00C04F79EFBC}") = "Question2", "Question2\Question2.csproj", "{C9F4A76F-D772-433B-A485-3E0BE63476B9}"
EndProject
Project("{FAE04EC0-301F-11D3-BF4B-00C04F79EFBC}") = "Question3", "Question3\Question3.csproj", "{974080F8-B149-4A09-96DC-D8BEF9EF1A42}"
EndProject
Global
	GlobalSection(SolutionConfigurationPlatforms) = preSolution
		Debug|Any CPU = Debug|Any CPU
		Release|Any CPU = Release|Any CPU
	EndGlobalSection
	GlobalSection(SolutionProperties) = preSolution
		HideSolutionNode = FALSE
	EndGlobalSection
	GlobalSection(ProjectConfigurationPlatforms) = postSolution
		{50E3860A-3577-4F2B-914A-2EC12C582DC3}.Debug|Any CPU.ActiveCfg = Debug|Any CPU
		{50E3860A-3577-4F2B-914A-2EC12C582DC3}.Debug|Any CPU.Build.0 = Debug|Any CPU
		{50E3860A-3577-4F2B-914A-2EC12C582DC3}.Release|Any CPU.ActiveCfg = Release|Any CPU
		{50E3860A-3577-4F2B-914A-2EC12C582DC3}.Release|Any CPU.Build.0 = Release|Any CPU
		{C9F4A76F-D772-433B-A485-3E0BE63476B9}.Debug|Any CPU.ActiveCfg = Debug|Any CPU
		{C9F4A76F-D772-433B-A485-3E0BE63476B9}.Debug|Any CPU.Build.0 = Debug|Any CPU
		{C9F4A76F-D772-433B-A485-3E0BE63476B9}.Release|Any CPU.ActiveCfg = Release|Any CPU
		{C9F4A76F-D772-433B-A485-3E0BE63476B9}.Release|Any CPU.Build.0 = Release|Any CPU
		{974080F8-B149-4A09-96DC-D8BEF9EF1A42}.Debug|Any CPU.ActiveCfg = Debug|Any CPU
		{974080F8-B149-4A09-96DC-D8BEF9EF1A42}.Debug|Any CPU.Build.0 = Debug|Any CPU
		{974080F8-B149-4A09-96DC-D8BEF9EF1A42}.Release|Any CPU.ActiveCfg = Release|Any CPU
		{974080F8-B149-4A09-96DC-D8BEF9EF1A42}.Release|Any CPU.Build.0 = Release|Any CPU
	EndGlobalSection
EndGlobal
